{
    "_readme": [
        "This file locks the dependencies of your project to a known state",
        "Read more about it at https://getcomposer.org/doc/01-basic-usage.md#installing-dependencies",
        "This file is @generated automatically"
    ],
    "content-hash": "b2369d48ae9caec5e57e0e2d5e484ef8",
    "packages": [
        {
            "name": "doctrine/cache",
            "version": "2.1.x-dev",
            "source": {
                "type": "git",
                "url": "https://github.com/doctrine/cache.git",
                "reference": "331b4d5dbaeab3827976273e9356b3b453c300ce"
            },
            "dist": {
                "type": "zip",
                "url": "https://api.github.com/repos/doctrine/cache/zipball/331b4d5dbaeab3827976273e9356b3b453c300ce",
                "reference": "331b4d5dbaeab3827976273e9356b3b453c300ce",
                "shasum": ""
            },
            "require": {
                "php": "~7.1 || ^8.0"
            },
            "conflict": {
                "doctrine/common": ">2.2,<2.4"
            },
            "require-dev": {
                "alcaeus/mongo-php-adapter": "^1.1",
                "cache/integration-tests": "dev-master",
                "doctrine/coding-standard": "^8.0",
                "mongodb/mongodb": "^1.1",
                "phpunit/phpunit": "^7.0 || ^8.0 || ^9.0",
                "predis/predis": "~1.0",
                "psr/cache": "^1.0 || ^2.0 || ^3.0",
                "symfony/cache": "^4.4 || ^5.2 || ^6.0@dev",
                "symfony/var-exporter": "^4.4 || ^5.2 || ^6.0@dev"
            },
            "suggest": {
                "alcaeus/mongo-php-adapter": "Required to use legacy MongoDB driver"
            },
            "default-branch": true,
            "type": "library",
            "autoload": {
                "psr-4": {
                    "Doctrine\\Common\\Cache\\": "lib/Doctrine/Common/Cache"
                }
            },
            "notification-url": "https://packagist.org/downloads/",
            "license": [
                "MIT"
            ],
            "authors": [
                {
                    "name": "Guilherme Blanco",
                    "email": "guilhermeblanco@gmail.com"
                },
                {
                    "name": "Roman Borschel",
                    "email": "roman@code-factory.org"
                },
                {
                    "name": "Benjamin Eberlei",
                    "email": "kontakt@beberlei.de"
                },
                {
                    "name": "Jonathan Wage",
                    "email": "jonwage@gmail.com"
                },
                {
                    "name": "Johannes Schmitt",
                    "email": "schmittjoh@gmail.com"
                }
            ],
            "description": "PHP Doctrine Cache library is a popular cache implementation that supports many different drivers such as redis, memcache, apc, mongodb and others.",
            "homepage": "https://www.doctrine-project.org/projects/cache.html",
            "keywords": [
                "abstraction",
                "apcu",
                "cache",
                "caching",
                "couchdb",
                "memcached",
                "php",
                "redis",
                "xcache"
            ],
            "support": {
                "issues": "https://github.com/doctrine/cache/issues",
                "source": "https://github.com/doctrine/cache/tree/2.1.1"
            },
            "funding": [
                {
                    "url": "https://www.doctrine-project.org/sponsorship.html",
                    "type": "custom"
                },
                {
                    "url": "https://www.patreon.com/phpdoctrine",
                    "type": "patreon"
                },
                {
                    "url": "https://tidelift.com/funding/github/packagist/doctrine%2Fcache",
                    "type": "tidelift"
                }
            ],
            "time": "2021-07-17T14:49:29+00:00"
        },
        {
            "name": "doctrine/dbal",
            "version": "2.13.8",
            "source": {
                "type": "git",
                "url": "https://github.com/doctrine/dbal.git",
                "reference": "dc9b3c3c8592c935a6e590441f9abc0f9eba335b"
            },
            "dist": {
                "type": "zip",
                "url": "https://api.github.com/repos/doctrine/dbal/zipball/dc9b3c3c8592c935a6e590441f9abc0f9eba335b",
                "reference": "dc9b3c3c8592c935a6e590441f9abc0f9eba335b",
                "shasum": ""
            },
            "require": {
                "doctrine/cache": "^1.0|^2.0",
                "doctrine/deprecations": "^0.5.3",
                "doctrine/event-manager": "^1.0",
                "ext-pdo": "*",
                "php": "^7.1 || ^8"
            },
            "require-dev": {
                "doctrine/coding-standard": "9.0.0",
                "jetbrains/phpstorm-stubs": "2021.1",
                "phpstan/phpstan": "1.4.6",
                "phpunit/phpunit": "^7.5.20|^8.5|9.5.16",
                "psalm/plugin-phpunit": "0.16.1",
                "squizlabs/php_codesniffer": "3.6.2",
                "symfony/cache": "^4.4",
                "symfony/console": "^2.0.5|^3.0|^4.0|^5.0",
                "vimeo/psalm": "4.22.0"
            },
            "suggest": {
                "symfony/console": "For helpful console commands such as SQL execution and import of files."
            },
            "bin": [
                "bin/doctrine-dbal"
            ],
            "type": "library",
            "autoload": {
                "psr-4": {
                    "Doctrine\\DBAL\\": "lib/Doctrine/DBAL"
                }
            },
            "notification-url": "https://packagist.org/downloads/",
            "license": [
                "MIT"
            ],
            "authors": [
                {
                    "name": "Guilherme Blanco",
                    "email": "guilhermeblanco@gmail.com"
                },
                {
                    "name": "Roman Borschel",
                    "email": "roman@code-factory.org"
                },
                {
                    "name": "Benjamin Eberlei",
                    "email": "kontakt@beberlei.de"
                },
                {
                    "name": "Jonathan Wage",
                    "email": "jonwage@gmail.com"
                }
            ],
            "description": "Powerful PHP database abstraction layer (DBAL) with many features for database schema introspection and management.",
            "homepage": "https://www.doctrine-project.org/projects/dbal.html",
            "keywords": [
                "abstraction",
                "database",
                "db2",
                "dbal",
                "mariadb",
                "mssql",
                "mysql",
                "oci8",
                "oracle",
                "pdo",
                "pgsql",
                "postgresql",
                "queryobject",
                "sasql",
                "sql",
                "sqlanywhere",
                "sqlite",
                "sqlserver",
                "sqlsrv"
            ],
            "support": {
                "issues": "https://github.com/doctrine/dbal/issues",
                "source": "https://github.com/doctrine/dbal/tree/2.13.8"
            },
            "funding": [
                {
                    "url": "https://www.doctrine-project.org/sponsorship.html",
                    "type": "custom"
                },
                {
                    "url": "https://www.patreon.com/phpdoctrine",
                    "type": "patreon"
                },
                {
                    "url": "https://tidelift.com/funding/github/packagist/doctrine%2Fdbal",
                    "type": "tidelift"
                }
            ],
            "time": "2022-03-09T15:25:46+00:00"
        },
        {
            "name": "doctrine/deprecations",
            "version": "v0.5.3",
            "source": {
                "type": "git",
                "url": "https://github.com/doctrine/deprecations.git",
                "reference": "9504165960a1f83cc1480e2be1dd0a0478561314"
            },
            "dist": {
                "type": "zip",
                "url": "https://api.github.com/repos/doctrine/deprecations/zipball/9504165960a1f83cc1480e2be1dd0a0478561314",
                "reference": "9504165960a1f83cc1480e2be1dd0a0478561314",
                "shasum": ""
            },
            "require": {
                "php": "^7.1|^8.0"
            },
            "require-dev": {
                "doctrine/coding-standard": "^6.0|^7.0|^8.0",
                "phpunit/phpunit": "^7.0|^8.0|^9.0",
                "psr/log": "^1.0"
            },
            "suggest": {
                "psr/log": "Allows logging deprecations via PSR-3 logger implementation"
            },
            "type": "library",
            "autoload": {
                "psr-4": {
                    "Doctrine\\Deprecations\\": "lib/Doctrine/Deprecations"
                }
            },
            "notification-url": "https://packagist.org/downloads/",
            "license": [
                "MIT"
            ],
            "description": "A small layer on top of trigger_error(E_USER_DEPRECATED) or PSR-3 logging with options to disable all deprecations or selectively for packages.",
            "homepage": "https://www.doctrine-project.org/",
            "support": {
                "issues": "https://github.com/doctrine/deprecations/issues",
                "source": "https://github.com/doctrine/deprecations/tree/v0.5.3"
            },
            "time": "2021-03-21T12:59:47+00:00"
        },
        {
            "name": "doctrine/event-manager",
            "version": "1.2.x-dev",
            "source": {
                "type": "git",
                "url": "https://github.com/doctrine/event-manager.git",
                "reference": "e70ba7c7b9843cdfef183d9df0c851ff2f494f7b"
            },
            "dist": {
                "type": "zip",
                "url": "https://api.github.com/repos/doctrine/event-manager/zipball/e70ba7c7b9843cdfef183d9df0c851ff2f494f7b",
                "reference": "e70ba7c7b9843cdfef183d9df0c851ff2f494f7b",
                "shasum": ""
            },
            "require": {
                "php": "^7.1 || ^8.0"
            },
            "conflict": {
                "doctrine/common": "<2.9@dev"
            },
            "require-dev": {
                "doctrine/coding-standard": "^8.0",
                "phpstan/phpstan": "^0.12.58",
                "phpunit/phpunit": "^7.0 || ^8.0 || ^9.0",
                "vimeo/psalm": "^4.10"
            },
            "type": "library",
            "autoload": {
                "psr-4": {
                    "Doctrine\\Common\\": "lib/Doctrine/Common"
                }
            },
            "notification-url": "https://packagist.org/downloads/",
            "license": [
                "MIT"
            ],
            "authors": [
                {
                    "name": "Guilherme Blanco",
                    "email": "guilhermeblanco@gmail.com"
                },
                {
                    "name": "Roman Borschel",
                    "email": "roman@code-factory.org"
                },
                {
                    "name": "Benjamin Eberlei",
                    "email": "kontakt@beberlei.de"
                },
                {
                    "name": "Jonathan Wage",
                    "email": "jonwage@gmail.com"
                },
                {
                    "name": "Johannes Schmitt",
                    "email": "schmittjoh@gmail.com"
                },
                {
                    "name": "Marco Pivetta",
                    "email": "ocramius@gmail.com"
                }
            ],
            "description": "The Doctrine Event Manager is a simple PHP event system that was built to be used with the various Doctrine projects.",
            "homepage": "https://www.doctrine-project.org/projects/event-manager.html",
            "keywords": [
                "event",
                "event dispatcher",
                "event manager",
                "event system",
                "events"
            ],
            "support": {
                "issues": "https://github.com/doctrine/event-manager/issues",
                "source": "https://github.com/doctrine/event-manager/tree/1.2.x"
            },
            "funding": [
                {
                    "url": "https://www.doctrine-project.org/sponsorship.html",
                    "type": "custom"
                },
                {
                    "url": "https://www.patreon.com/phpdoctrine",
                    "type": "patreon"
                },
                {
                    "url": "https://tidelift.com/funding/github/packagist/doctrine%2Fevent-manager",
                    "type": "tidelift"
                }
            ],
            "time": "2021-10-16T15:37:06+00:00"
        },
        {
            "name": "gollumsf/doctrine-arraypipe",
            "version": "v1.1.0",
            "target-dir": "GollumSF/Doctrine",
            "source": {
                "type": "git",
                "url": "https://github.com/GollumSF/doctrine-arraypipe.git",
                "reference": "3b18034fc2ce241f705933c639338fb9a23fb504"
            },
            "dist": {
                "type": "zip",
                "url": "https://api.github.com/repos/GollumSF/doctrine-arraypipe/zipball/3b18034fc2ce241f705933c639338fb9a23fb504",
                "reference": "3b18034fc2ce241f705933c639338fb9a23fb504",
                "shasum": ""
            },
            "require": {
                "doctrine/dbal": "2.*",
                "php": ">=7.0"
            },
            "type": "library",
            "autoload": {
                "psr-0": {
                    "GollumSF\\Doctrine": ""
                }
            },
            "notification-url": "https://packagist.org/downloads/",
            "license": [
                "GPL-3.0-or-later"
            ],
            "authors": [
                {
                    "name": "Damien Duboeuf",
                    "email": "smeagolworms4@gmail.com"
                }
            ],
            "description": "An array pipe type for Doctrine MYSQL",
            "homepage": "https://github.com/GollumSF/doctrine-arraypipe",
            "keywords": [
                "array",
                "doctrine",
                "pipe",
                "symfony"
            ],
            "support": {
                "email": "smeagolworms4@gmail.com",
                "issues": "https://github.com/GollumSF/doctrine-arraypipe/issues",
                "source": "https://github.com/GollumSF/doctrine-arraypipe/tree/v1.1.0",
                "wiki": "https://github.com/GollumSF/doctrine-arraypipe/blob/master/README.md"
            },
            "time": "2022-04-08T00:38:18+00:00"
        },
        {
            "name": "gollumsf/doctrine-enum",
            "version": "v1.1.2",
            "target-dir": "GollumSF/Doctrine",
            "source": {
                "type": "git",
                "url": "https://github.com/GollumSF/doctrine-enum.git",
                "reference": "dc9ffc7c9d58c93a371d7b55a7fcc7888e4e1b86"
            },
            "dist": {
                "type": "zip",
                "url": "https://api.github.com/repos/GollumSF/doctrine-enum/zipball/dc9ffc7c9d58c93a371d7b55a7fcc7888e4e1b86",
                "reference": "dc9ffc7c9d58c93a371d7b55a7fcc7888e4e1b86",
                "shasum": ""
            },
            "require": {
                "doctrine/dbal": "^2",
                "gollumsf/enum": "^2",
                "php": ">=7.0"
            },
            "type": "library",
            "autoload": {
                "psr-0": {
                    "GollumSF\\Doctrine": ""
                }
            },
            "notification-url": "https://packagist.org/downloads/",
            "license": [
                "GPL-3.0-or-later"
            ],
            "authors": [
                {
                    "name": "Damien Duboeuf",
                    "email": "smeagolworms4@gmail.com"
                }
            ],
            "description": "An enum type for Doctrine MYSQL",
            "homepage": "https://github.com/GollumSF/doctrine-enum",
            "keywords": [
                "doctrine",
                "enum",
                "symfony"
            ],
            "support": {
                "email": "smeagolworms4@gmail.com",
                "issues": "https://github.com/GollumSF/doctrine-enum/issues",
                "source": "https://github.com/GollumSF/doctrine-enum/tree/v1.1.2",
                "wiki": "https://github.com/GollumSF/doctrine-enum/blob/master/README.md"
            },
            "time": "2022-04-08T00:51:26+00:00"
        },
        {
            "name": "gollumsf/doctrine-tinyint",
            "version": "v1.0.7",
            "target-dir": "GollumSF/Doctrine",
            "source": {
                "type": "git",
                "url": "https://github.com/GollumSF/doctrine-tinyint.git",
                "reference": "6a61cac20f2ffeb82b8eafffef6c1c88f4cb2999"
            },
            "dist": {
                "type": "zip",
                "url": "https://api.github.com/repos/GollumSF/doctrine-tinyint/zipball/6a61cac20f2ffeb82b8eafffef6c1c88f4cb2999",
                "reference": "6a61cac20f2ffeb82b8eafffef6c1c88f4cb2999",
                "shasum": ""
            },
            "require": {
                "doctrine/dbal": "2.*",
                "php": ">=7.0"
            },
            "type": "library",
            "autoload": {
                "psr-0": {
                    "GollumSF\\Doctrine": ""
                }
            },
            "notification-url": "https://packagist.org/downloads/",
            "license": [
                "GPL-3.0-or-later"
            ],
            "authors": [
                {
                    "name": "Damien Duboeuf",
                    "email": "smeagolworms4@gmail.com"
                }
            ],
            "description": "An tinyint type for Doctrine MYSQL",
            "homepage": "https://github.com/GollumSF/doctrine-tinyint",
            "keywords": [
                "doctrine",
                "symfony",
                "tinyint"
            ],
            "support": {
                "email": "smeagolworms4@gmail.com",
                "issues": "https://github.com/GollumSF/doctrine-tinyint/issues",
                "source": "https://github.com/GollumSF/doctrine-tinyint/tree/v1.0.7",
                "wiki": "https://github.com/GollumSF/doctrine-tinyint/blob/master/README.md"
            },
            "time": "2022-04-08T00:36:25+00:00"
        },
        {
            "name": "gollumsf/enum",
            "version": "v2.0.3",
            "source": {
                "type": "git",
                "url": "https://github.com/GollumSF/enum.git",
                "reference": "eab8ab9e661de53f0e22019fa8c4d2ed679d268c"
            },
            "dist": {
                "type": "zip",
                "url": "https://api.github.com/repos/GollumSF/enum/zipball/eab8ab9e661de53f0e22019fa8c4d2ed679d268c",
                "reference": "eab8ab9e661de53f0e22019fa8c4d2ed679d268c",
                "shasum": ""
            },
            "require": {
                "php": ">=7.1"
            },
            "require-dev": {
                "phpunit/phpunit": "^9.3"
            },
            "type": "library",
            "autoload": {
                "psr-4": {
                    "GollumSF\\Enum\\": "src/"
                }
            },
            "notification-url": "https://packagist.org/downloads/",
            "license": [
                "GPL-3.0-or-later"
            ],
            "authors": [
                {
                    "name": "Damien Duboeuf",
                    "email": "smeagolworms4@gmail.com"
                }
            ],
            "description": "An implementation of enum for PHP. Java like type",
            "homepage": "https://github.com/GollumSF/enum",
            "keywords": [
                "enum",
                "java"
            ],
            "support": {
                "email": "smeagolworms4@gmail.com",
                "issues": "https://github.com/GollumSF/enum/issues",
                "source": "https://github.com/GollumSF/enum/tree/v2.0.3",
                "wiki": "https://github.com/GollumSF/enum/blob/master/README.md"
            },
            "time": "2022-04-04T00:05:02+00:00"
        }
    ],
    "packages-dev": [],
    "aliases": [],
    "minimum-stability": "dev",
    "stability-flags": [],
    "prefer-stable": false,
    "prefer-lowest": false,
    "platform": [],
    "platform-dev": [],
    "plugin-api-version": "2.3.0"
}
